
Microsoft Visual Studio Solution File, Format Version 12.00
# Visual Studio 15
VisualStudioVersion = 15.0.27428.2002
MinimumVisualStudioVersion = 10.0.40219.1
Project("{FAE04EC0-301F-11D3-BF4B-00C04F79EFBC}") = "GayTimer.Android", "TestApp\TestApp.Android\GayTimer.Android.csproj", "{B763DD88-65AF-423E-AB72-4F36789DEA30}"
EndProject
Project("{9A19103F-16F7-4668-BE54-9A1E7A4F7556}") = "GayTimer", "TestApp\TestApp\GayTimer.csproj", "{3C5F4AF9-B886-4E8D-99DA-09D71785BA20}"
EndProject
Project("{FAE04EC0-301F-11D3-BF4B-00C04F79EFBC}") = "GayTimes.Tests", "GayTimes.Tests\GayTimes.Tests.csproj", "{B19C892E-2628-4CA7-AD27-08D406A3B14B}"
EndProject
Global
	GlobalSection(SolutionConfigurationPlatforms) = preSolution
		Debug|Any CPU = Debug|Any CPU
		Release|Any CPU = Release|Any CPU
	EndGlobalSection
	GlobalSection(ProjectConfigurationPlatforms) = postSolution
		{B763DD88-65AF-423E-AB72-4F36789DEA30}.Debug|Any CPU.ActiveCfg = Debug|Any CPU
		{B763DD88-65AF-423E-AB72-4F36789DEA30}.Debug|Any CPU.Build.0 = Debug|Any CPU
		{B763DD88-65AF-423E-AB72-4F36789DEA30}.Debug|Any CPU.Deploy.0 = Debug|Any CPU
		{B763DD88-65AF-423E-AB72-4F36789DEA30}.Release|Any CPU.ActiveCfg = Release|Any CPU
		{B763DD88-65AF-423E-AB72-4F36789DEA30}.Release|Any CPU.Build.0 = Release|Any CPU
		{B763DD88-65AF-423E-AB72-4F36789DEA30}.Release|Any CPU.Deploy.0 = Release|Any CPU
		{3C5F4AF9-B886-4E8D-99DA-09D71785BA20}.Debug|Any CPU.ActiveCfg = Debug|Any CPU
		{3C5F4AF9-B886-4E8D-99DA-09D71785BA20}.Debug|Any CPU.Build.0 = Debug|Any CPU
		{3C5F4AF9-B886-4E8D-99DA-09D71785BA20}.Release|Any CPU.ActiveCfg = Release|Any CPU
		{3C5F4AF9-B886-4E8D-99DA-09D71785BA20}.Release|Any CPU.Build.0 = Release|Any CPU
		{B19C892E-2628-4CA7-AD27-08D406A3B14B}.Debug|Any CPU.ActiveCfg = Debug|Any CPU
		{B19C892E-2628-4CA7-AD27-08D406A3B14B}.Debug|Any CPU.Build.0 = Debug|Any CPU
		{B19C892E-2628-4CA7-AD27-08D406A3B14B}.Release|Any CPU.ActiveCfg = Release|Any CPU
		{B19C892E-2628-4CA7-AD27-08D406A3B14B}.Release|Any CPU.Build.0 = Release|Any CPU
	EndGlobalSection
	GlobalSection(SolutionProperties) = preSolution
		HideSolutionNode = FALSE
	EndGlobalSection
	GlobalSection(ExtensibilityGlobals) = postSolution
		SolutionGuid = {FFC3FCAA-A92E-4640-B8D7-B9B3FB291EB2}
	EndGlobalSection
EndGlobal
